{
  "name": "ws-library",
  "version": "1.0.0",
  "lockfileVersion": 1,
  "requires": true,
  "dependencies": {
    "chart.js": {
      "version": "3.2.0",
      "resolved": "https://registry.npmjs.org/chart.js/-/chart.js-3.2.0.tgz",
      "integrity": "sha512-Ml3R47TvOPW6gQ6T8mg/uPvyOASPpPVVF6xb7ZyHkek1c6kJIT5ScT559afXoDf6uwtpDR2BpCommkA5KT8ODg=="
    },
    "events": {
      "version": "3.3.0",
      "resolved": "https://registry.npmjs.org/events/-/events-3.3.0.tgz",
      "integrity": "sha512-mQw+2fkQbALzQ7V0MY0IqdnXNOeTtP4r0lN9z7AAawCXgqea7bDii20AYrIBrFd/Hx0M2Ocz6S111CaFkUcb0Q=="
    },
    "uuidv1": {
      "version": "1.6.14",
      "resolved": "https://registry.npmjs.org/uuidv1/-/uuidv1-1.6.14.tgz",
      "integrity": "sha512-34FVVCDDHzzcOglmrKbZP99+8/6StEzo3VU3MuKw0Mo0B/YBQ1bWNQU8s79ofNnrPlfI+7A9pkAdhmQ6CyLHFg=="
    },
    "ws": {
      "version": "7.5.3",
      "resolved": "https://registry.npmjs.org/ws/-/ws-7.5.3.tgz",
      "integrity": "sha512-kQ/dHIzuLrS6Je9+uv81ueZomEwH0qVYstcAQ4/Z93K8zeko9gtAbttJWzoC5ukqXY1PpoouV3+VSOqEAFt5wg=="
    }
  }
}
